
Microsoft Visual Studio Solution File, Format Version 12.00
# Visual Studio 2012
Project("{FAE04EC0-301F-11D3-BF4B-00C04F79EFBC}") = "TiledMapDemo1", "TiledMapDemo1\TiledMapDemo1.csproj", "{8A892F15-FE4B-4462-9ACF-AF52A3CE09BF}"
EndProject
Global
	GlobalSection(SolutionConfigurationPlatforms) = preSolution
		Debug|Any CPU = Debug|Any CPU
		Release|Any CPU = Release|Any CPU
	EndGlobalSection
	GlobalSection(ProjectConfigurationPlatforms) = postSolution
		{8A892F15-FE4B-4462-9ACF-AF52A3CE09BF}.Debug|Any CPU.ActiveCfg = Debug|Any CPU
		{8A892F15-FE4B-4462-9ACF-AF52A3CE09BF}.Debug|Any CPU.Build.0 = Debug|Any CPU
		{8A892F15-FE4B-4462-9ACF-AF52A3CE09BF}.Release|Any CPU.ActiveCfg = Release|Any CPU
		{8A892F15-FE4B-4462-9ACF-AF52A3CE09BF}.Release|Any CPU.Build.0 = Release|Any CPU
	EndGlobalSection
	GlobalSection(SolutionProperties) = preSolution
		HideSolutionNode = FALSE
	EndGlobalSection
EndGlobal
